
Microsoft Visual Studio Solution File, Format Version 12.00
Project("{FAE04EC0-301F-11D3-BF4B-00C04F79EFBC}") = "GameShop", "GameShop\GameShop.csproj", "{8F07606D-1467-4E70-BE2E-B8B455C445A2}"
EndProject
Global
	GlobalSection(SolutionConfigurationPlatforms) = preSolution
		Debug|Any CPU = Debug|Any CPU
		Release|Any CPU = Release|Any CPU
	EndGlobalSection
	GlobalSection(ProjectConfigurationPlatforms) = postSolution
		{8F07606D-1467-4E70-BE2E-B8B455C445A2}.Debug|Any CPU.ActiveCfg = Debug|Any CPU
		{8F07606D-1467-4E70-BE2E-B8B455C445A2}.Debug|Any CPU.Build.0 = Debug|Any CPU
		{8F07606D-1467-4E70-BE2E-B8B455C445A2}.Release|Any CPU.ActiveCfg = Release|Any CPU
		{8F07606D-1467-4E70-BE2E-B8B455C445A2}.Release|Any CPU.Build.0 = Release|Any CPU
	EndGlobalSection
EndGlobal
